// !$*UTF8*$!
{
	archiveVersion = 1;
	classes = {
	};
	objectVersion = 77;
	objects = {

/* Begin PBXContainerItemProxy section */
		9BE29DB02E538D72007E6DCE /* PBXContainerItemProxy */ = {
			isa = PBXContainerItemProxy;
			containerPortal = 9BE29D982E538D71007E6DCE /* Project object */;
			proxyType = 1;
			remoteGlobalIDString = 9BE29D9F2E538D71007E6DCE;
			remoteInfo = "Dart Games";
		};
		9BE29DBA2E538D72007E6DCE /* PBXContainerItemProxy */ = {
			isa = PBXContainerItemProxy;
			containerPortal = 9BE29D982E538D71007E6DCE /* Project object */;
			proxyType = 1;
			remoteGlobalIDString = 9BE29D9F2E538D71007E6DCE;
			remoteInfo = "Dart Games";
		};
/* End PBXContainerItemProxy section */

/* Begin PBXFileReference section */
		9BE29DA02E538D71007E6DCE /* Dart Games.app */ = {isa = PBXFileReference; explicitFileType = wrapper.application; includeInIndex = 0; path = "Dart Games.app"; sourceTree = BUILT_PRODUCTS_DIR; };
		9BE29DAF2E538D72007E6DCE /* Dart GamesTests.xctest */ = {isa = PBXFileReference; explicitFileType = wrapper.cfbundle; includeInIndex = 0; path = "Dart GamesTests.xctest"; sourceTree = BUILT_PRODUCTS_DIR; };
		9BE29DB92E538D72007E6DCE /* Dart GamesUITests.xctest */ = {isa = PBXFileReference; explicitFileType = wrapper.cfbundle; includeInIndex = 0; path = "Dart GamesUITests.xctest"; sourceTree = BUILT_PRODUCTS_DIR; };
/* End PBXFileReference section */

/* Begin PBXFileSystemSynchronizedRootGroup section */
		9BE29DA22E538D71007E6DCE /* Dart Games */ = {
			isa = PBXFileSystemSynchronizedRootGroup;
			path = "Dart Games";
			sourceTree = "<group>";
		};
		9BE29DB22E538D72007E6DCE /* Dart GamesTests */ = {
			isa = PBXFileSystemSynchronizedRootGroup;
			path = "Dart GamesTests";
			sourceTree = "<group>";
		};
		9BE29DBC2E538D72007E6DCE /* Dart GamesUITests */ = {
			isa = PBXFileSystemSynchronizedRootGroup;
			path = "Dart GamesUITests";
			sourceTree = "<group>";
		};
/* End PBXFileSystemSynchronizedRootGroup section */

/* Begin PBXFrameworksBuildPhase section */
		9BE29D9D2E538D71007E6DCE /* Frameworks */ = {
			isa = PBXFrameworksBuildPhase;
			buildActionMask = 2147483647;
			files = (
			);
			runOnlyForDeploymentPostprocessing = 0;
		};
		9BE29DAC2E538D72007E6DCE /* Frameworks */ = {
			isa = PBXFrameworksBuildPhase;
			buildActionMask = 2147483647;
			files = (
			);
			runOnlyForDeploymentPostprocessing = 0;
		};
		9BE29DB62E538D72007E6DCE /* Frameworks */ = {
			isa = PBXFrameworksBuildPhase;
			buildActionMask = 2147483647;
			files = (
			);
			runOnlyForDeploymentPostprocessing = 0;
		};
/* End PBXFrameworksBuildPhase section */

/* Begin PBXGroup section */
		9BE29D972E538D71007E6DCE = {
			isa = PBXGroup;
			children = (
				9BE29DA22E538D71007E6DCE /* Dart Games */,
				9BE29DB22E538D72007E6DCE /* Dart GamesTests */,
				9BE29DBC2E538D72007E6DCE /* Dart GamesUITests */,
				9BE29DA12E538D71007E6DCE /* Products */,
			);
			sourceTree = "<group>";
		};
		9BE29DA12E538D71007E6DCE /* Products */ = {
			isa = PBXGroup;
			children = (
				9BE29DA02E538D71007E6DCE /* Dart Games.app */,
				9BE29DAF2E538D72007E6DCE /* Dart GamesTests.xctest */,
				9BE29DB92E538D72007E6DCE /* Dart GamesUITests.xctest */,
			);
			name = Products;
			sourceTree = "<group>";
		};
/* End PBXGroup section */

/* Begin PBXNativeTarget section */
		9BE29D9F2E538D71007E6DCE /* Dart Games */ = {
			isa = PBXNativeTarget;
			buildConfigurationList = 9BE29DC32E538D72007E6DCE /* Build configuration list for PBXNativeTarget "Dart Games" */;
			buildPhases = (
				9BE29D9C2E538D71007E6DCE /* Sources */,
				9BE29D9D2E538D71007E6DCE /* Frameworks */,
				9BE29D9E2E538D71007E6DCE /* Resources */,
			);
			buildRules = (
			);
			dependencies = (
			);
			fileSystemSynchronizedGroups = (
				9BE29DA22E538D71007E6DCE /* Dart Games */,
			);
			name = "Dart Games";
			packageProductDependencies = (
			);
			productName = "Dart Games";
			productReference = 9BE29DA02E538D71007E6DCE /* Dart Games.app */;
			productType = "com.apple.product-type.application";
		};
		9BE29DAE2E538D72007E6DCE /* Dart GamesTests */ = {
			isa = PBXNativeTarget;
			buildConfigurationList = 9BE29DC62E538D72007E6DCE /* Build configuration list for PBXNativeTarget "Dart GamesTests" */;
			buildPhases = (
				9BE29DAB2E538D72007E6DCE /* Sources */,
				9BE29DAC2E538D72007E6DCE /* Frameworks */,
				9BE29DAD2E538D72007E6DCE /* Resources */,
			);
			buildRules = (
			);
			dependencies = (
				9BE29DB12E538D72007E6DCE /* PBXTargetDependency */,
			);
			fileSystemSynchronizedGroups = (
				9BE29DB22E538D72007E6DCE /* Dart GamesTests */,
			);
			name = "Dart GamesTests";
			packageProductDependencies = (
			);
			productName = "Dart GamesTests";
			productReference = 9BE29DAF2E538D72007E6DCE /* Dart GamesTests.xctest */;
			productType = "com.apple.product-type.bundle.unit-test";
		};
		9BE29DB82E538D72007E6DCE /* Dart GamesUITests */ = {
			isa = PBXNativeTarget;
			buildConfigurationList = 9BE29DC92E538D72007E6DCE /* Build configuration list for PBXNativeTarget "Dart GamesUITests" */;
			buildPhases = (
				9BE29DB52E538D72007E6DCE /* Sources */,
				9BE29DB62E538D72007E6DCE /* Frameworks */,
				9BE29DB72E538D72007E6DCE /* Resources */,
			);
			buildRules = (
			);
			dependencies = (
				9BE29DBB2E538D72007E6DCE /* PBXTargetDependency */,
			);
			fileSystemSynchronizedGroups = (
				9BE29DBC2E538D72007E6DCE /* Dart GamesUITests */,
			);
			name = "Dart GamesUITests";
			packageProductDependencies = (
			);
			productName = "Dart GamesUITests";
			productReference = 9BE29DB92E538D72007E6DCE /* Dart GamesUITests.xctest */;
			productType = "com.apple.product-type.bundle.ui-testing";
		};
/* End PBXNativeTarget section */

/* Begin PBXProject section */
		9BE29D982E538D71007E6DCE /* Project object */ = {
			isa = PBXProject;
			attributes = {
				BuildIndependentTargetsInParallel = 1;
				LastSwiftUpdateCheck = 1640;
				LastUpgradeCheck = 1640;
				TargetAttributes = {
					9BE29D9F2E538D71007E6DCE = {
						CreatedOnToolsVersion = 16.4;
					};
					9BE29DAE2E538D72007E6DCE = {
						CreatedOnToolsVersion = 16.4;
						TestTargetID = 9BE29D9F2E538D71007E6DCE;
					};
					9BE29DB82E538D72007E6DCE = {
						CreatedOnToolsVersion = 16.4;
						TestTargetID = 9BE29D9F2E538D71007E6DCE;
					};
				};
			};
			buildConfigurationList = 9BE29D9B2E538D71007E6DCE /* Build configuration list for PBXProject "Dart Games" */;
			developmentRegion = en;
			hasScannedForEncodings = 0;
			knownRegions = (
				en,
				Base,
			);
			mainGroup = 9BE29D972E538D71007E6DCE;
			minimizedProjectReferenceProxies = 1;
			preferredProjectObjectVersion = 77;
			productRefGroup = 9BE29DA12E538D71007E6DCE /* Products */;
			projectDirPath = "";
			projectRoot = "";
			targets = (
				9BE29D9F2E538D71007E6DCE /* Dart Games */,
				9BE29DAE2E538D72007E6DCE /* Dart GamesTests */,
				9BE29DB82E538D72007E6DCE /* Dart GamesUITests */,
			);
		};
/* End PBXProject section */

/* Begin PBXResourcesBuildPhase section */
		9BE29D9E2E538D71007E6DCE /* Resources */ = {
			isa = PBXResourcesBuildPhase;
			buildActionMask = 2147483647;
			files = (
			);
			runOnlyForDeploymentPostprocessing = 0;
		};
		9BE29DAD2E538D72007E6DCE /* Resources */ = {
			isa = PBXResourcesBuildPhase;
			buildActionMask = 2147483647;
			files = (
			);
			runOnlyForDeploymentPostprocessing = 0;
		};
		9BE29DB72E538D72007E6DCE /* Resources */ = {
			isa = PBXResourcesBuildPhase;
			buildActionMask = 2147483647;
			files = (
			);
			runOnlyForDeploymentPostprocessing = 0;
		};
/* End PBXResourcesBuildPhase section */

/* Begin PBXSourcesBuildPhase section */
		9BE29D9C2E538D71007E6DCE /* Sources */ = {
			isa = PBXSourcesBuildPhase;
			buildActionMask = 2147483647;
			files = (
			);
			runOnlyForDeploymentPostprocessing = 0;
		};
		9BE29DAB2E538D72007E6DCE /* Sources */ = {
			isa = PBXSourcesBuildPhase;
			buildActionMask = 2147483647;
			files = (
			);
			runOnlyForDeploymentPostprocessing = 0;
		};
		9BE29DB52E538D72007E6DCE /* Sources */ = {
			isa = PBXSourcesBuildPhase;
			buildActionMask = 2147483647;
			files = (
			);
			runOnlyForDeploymentPostprocessing = 0;
		};
/* End PBXSourcesBuildPhase section */

/* Begin PBXTargetDependency section */
		9BE29DB12E538D72007E6DCE /* PBXTargetDependency */ = {
			isa = PBXTargetDependency;
			target = 9BE29D9F2E538D71007E6DCE /* Dart Games */;
			targetProxy = 9BE29DB02E538D72007E6DCE /* PBXContainerItemProxy */;
		};
		9BE29DBB2E538D72007E6DCE /* PBXTargetDependency */ = {
			isa = PBXTargetDependency;
			target = 9BE29D9F2E538D71007E6DCE /* Dart Games */;
			targetProxy = 9BE29DBA2E538D72007E6DCE /* PBXContainerItemProxy */;
		};
/* End PBXTargetDependency section */

/* Begin XCBuildConfiguration section */
		9BE29DC12E538D72007E6DCE /* Debug */ = {
			isa = XCBuildConfiguration;
			buildSettings = {
				ALWAYS_SEARCH_USER_PATHS = NO;
				ASSETCATALOG_COMPILER_GENERATE_SWIFT_ASSET_SYMBOL_EXTENSIONS = YES;
				CLANG_ANALYZER_NONNULL = YES;
				CLANG_ANALYZER_NUMBER_OBJECT_CONVERSION = YES_AGGRESSIVE;
				CLANG_CXX_LANGUAGE_STANDARD = "gnu++20";
				CLANG_ENABLE_MODULES = YES;
				CLANG_ENABLE_OBJC_ARC = YES;
				CLANG_ENABLE_OBJC_WEAK = YES;
				CLANG_WARN_BLOCK_CAPTURE_AUTORELEASING = YES;
				CLANG_WARN_BOOL_CONVERSION = YES;
				CLANG_WARN_COMMA = YES;
				CLANG_WARN_CONSTANT_CONVERSION = YES;
				CLANG_WARN_DEPRECATED_OBJC_IMPLEMENTATIONS = YES;
				CLANG_WARN_DIRECT_OBJC_ISA_USAGE = YES_ERROR;
				CLANG_WARN_DOCUMENTATION_COMMENTS = YES;
				CLANG_WARN_EMPTY_BODY = YES;
				CLANG_WARN_ENUM_CONVERSION = YES;
				CLANG_WARN_INFINITE_RECURSION = YES;
				CLANG_WARN_INT_CONVERSION = YES;
				CLANG_WARN_NON_LITERAL_NULL_CONVERSION = YES;
				CLANG_WARN_OBJC_IMPLICIT_RETAIN_SELF = YES;
				CLANG_WARN_OBJC_LITERAL_CONVERSION = YES;
				CLANG_WARN_OBJC_ROOT_CLASS = YES_ERROR;
				CLANG_WARN_QUOTED_INCLUDE_IN_FRAMEWORK_HEADER = YES;
				CLANG_WARN_RANGE_LOOP_ANALYSIS = YES;
				CLANG_WARN_STRICT_PROTOTYPES = YES;
				CLANG_WARN_SUSPICIOUS_MOVE = YES;
				CLANG_WARN_UNGUARDED_AVAILABILITY = YES_AGGRESSIVE;
				CLANG_WARN_UNREACHABLE_CODE = YES;
				CLANG_WARN__DUPLICATE_METHOD_MATCH = YES;
				COPY_PHASE_STRIP = NO;
				DEBUG_INFORMATION_FORMAT = dwarf;
				DEVELOPMENT_TEAM = 5A5ZTV9VL6;
				ENABLE_STRICT_OBJC_MSGSEND = YES;
				ENABLE_TESTABILITY = YES;
				ENABLE_USER_SCRIPT_SANDBOXING = YES;
				GCC_C_LANGUAGE_STANDARD = gnu17;
				GCC_DYNAMIC_NO_PIC = NO;
				GCC_NO_COMMON_BLOCKS = YES;
				GCC_OPTIMIZATION_LEVEL = 0;
				GCC_PREPROCESSOR_DEFINITIONS = (
					"DEBUG=1",
					"$(inherited)",
				);
				GCC_WARN_64_TO_32_BIT_CONVERSION = YES;
				GCC_WARN_ABOUT_RETURN_TYPE = YES_ERROR;
				GCC_WARN_UNDECLARED_SELECTOR = YES;
				GCC_WARN_UNINITIALIZED_AUTOS = YES_AGGRESSIVE;
				GCC_WARN_UNUSED_FUNCTION = YES;
				GCC_WARN_UNUSED_VARIABLE = YES;
				IPHONEOS_DEPLOYMENT_TARGET = 18.5;
				LOCALIZATION_PREFERS_STRING_CATALOGS = YES;
				MTL_ENABLE_DEBUG_INFO = INCLUDE_SOURCE;
				MTL_FAST_MATH = YES;
				ONLY_ACTIVE_ARCH = YES;
				SDKROOT = iphoneos;
				SWIFT_ACTIVE_COMPILATION_CONDITIONS = "DEBUG $(inherited)";
				SWIFT_OPTIMIZATION_LEVEL = "-Onone";
			};
			name = Debug;
		};
		9BE29DC22E538D72007E6DCE /* Release */ = {
			isa = XCBuildConfiguration;
			buildSettings = {
				ALWAYS_SEARCH_USER_PATHS = NO;
				ASSETCATALOG_COMPILER_GENERATE_SWIFT_ASSET_SYMBOL_EXTENSIONS = YES;
				CLANG_ANALYZER_NONNULL = YES;
				CLANG_ANALYZER_NUMBER_OBJECT_CONVERSION = YES_AGGRESSIVE;
				CLANG_CXX_LANGUAGE_STANDARD = "gnu++20";
				CLANG_ENABLE_MODULES = YES;
				CLANG_ENABLE_OBJC_ARC = YES;
				CLANG_ENABLE_OBJC_WEAK = YES;
				CLANG_WARN_BLOCK_CAPTURE_AUTORELEASING = YES;
				CLANG_WARN_BOOL_CONVERSION = YES;
				CLANG_WARN_COMMA = YES;
				CLANG_WARN_CONSTANT_CONVERSION = YES;
				CLANG_WARN_DEPRECATED_OBJC_IMPLEMENTATIONS = YES;
				CLANG_WARN_DIRECT_OBJC_ISA_USAGE = YES_ERROR;
				CLANG_WARN_DOCUMENTATION_COMMENTS = YES;
				CLANG_WARN_EMPTY_BODY = YES;
				CLANG_WARN_ENUM_CONVERSION = YES;
				CLANG_WARN_INFINITE_RECURSION = YES;
				CLANG_WARN_INT_CONVERSION = YES;
				CLANG_WARN_NON_LITERAL_NULL_CONVERSION = YES;
				CLANG_WARN_OBJC_IMPLICIT_RETAIN_SELF = YES;
				CLANG_WARN_OBJC_LITERAL_CONVERSION = YES;
				CLANG_WARN_OBJC_ROOT_CLASS = YES_ERROR;
				CLANG_WARN_QUOTED_INCLUDE_IN_FRAMEWORK_HEADER = YES;
				CLANG_WARN_RANGE_LOOP_ANALYSIS = YES;
				CLANG_WARN_STRICT_PROTOTYPES = YES;
				CLANG_WARN_SUSPICIOUS_MOVE = YES;
				CLANG_WARN_UNGUARDED_AVAILABILITY = YES_AGGRESSIVE;
				CLANG_WARN_UNREACHABLE_CODE = YES;
				CLANG_WARN__DUPLICATE_METHOD_MATCH = YES;
				COPY_PHASE_STRIP = NO;
				DEBUG_INFORMATION_FORMAT = "dwarf-with-dsym";
				DEVELOPMENT_TEAM = 5A5ZTV9VL6;
				ENABLE_NS_ASSERTIONS = NO;
				ENABLE_STRICT_OBJC_MSGSEND = YES;
				ENABLE_USER_SCRIPT_SANDBOXING = YES;
				GCC_C_LANGUAGE_STANDARD = gnu17;
				GCC_NO_COMMON_BLOCKS = YES;
				GCC_WARN_64_TO_32_BIT_CONVERSION = YES;
				GCC_WARN_ABOUT_RETURN_TYPE = YES_ERROR;
				GCC_WARN_UNDECLARED_SELECTOR = YES;
				GCC_WARN_UNINITIALIZED_AUTOS = YES_AGGRESSIVE;
				GCC_WARN_UNUSED_FUNCTION = YES;
				GCC_WARN_UNUSED_VARIABLE = YES;
				IPHONEOS_DEPLOYMENT_TARGET = 18.5;
				LOCALIZATION_PREFERS_STRING_CATALOGS = YES;
				MTL_ENABLE_DEBUG_INFO = NO;
				MTL_FAST_MATH = YES;
				SDKROOT = iphoneos;
				SWIFT_COMPILATION_MODE = wholemodule;
				VALIDATE_PRODUCT = YES;
			};
			name = Release;
		};
		9BE29DC42E538D72007E6DCE /* Debug */ = {
			isa = XCBuildConfiguration;
			buildSettings = {
				ASSETCATALOG_COMPILER_APPICON_NAME = AppIcon;
				ASSETCATALOG_COMPILER_GLOBAL_ACCENT_COLOR_NAME = AccentColor;
				CODE_SIGN_STYLE = Automatic;
				CURRENT_PROJECT_VERSION = 1;
				DEVELOPMENT_TEAM = 5A5ZTV9VL6;
				ENABLE_PREVIEWS = YES;
				GENERATE_INFOPLIST_FILE = YES;
				INFOPLIST_KEY_UIApplicationSceneManifest_Generation = YES;
				INFOPLIST_KEY_UIApplicationSupportsIndirectInputEvents = YES;
				INFOPLIST_KEY_UILaunchScreen_Generation = YES;
				INFOPLIST_KEY_UISupportedInterfaceOrientations_iPad = "UIInterfaceOrientationPortrait UIInterfaceOrientationPortraitUpsideDown UIInterfaceOrientationLandscapeLeft UIInterfaceOrientationLandscapeRight";
				INFOPLIST_KEY_UISupportedInterfaceOrientations_iPhone = "UIInterfaceOrientationPortrait UIInterfaceOrientationLandscapeLeft UIInterfaceOrientationLandscapeRight";
				LD_RUNPATH_SEARCH_PATHS = (
					"$(inherited)",
					"@executable_path/Frameworks",
				);
				MARKETING_VERSION = 1.0;
				PRODUCT_BUNDLE_IDENTIFIER = "newpswerks.home.Dart-Games";
				PRODUCT_NAME = "$(TARGET_NAME)";
				SWIFT_EMIT_LOC_STRINGS = YES;
				SWIFT_VERSION = 5.0;
				TARGETED_DEVICE_FAMILY = "1,2";
			};
			name = Debug;
		};
		9BE29DC52E538D72007E6DCE /* Release */ = {
			isa = XCBuildConfiguration;
			buildSettings = {
				ASSETCATALOG_COMPILER_APPICON_NAME = AppIcon;
				ASSETCATALOG_COMPILER_GLOBAL_ACCENT_COLOR_NAME = AccentColor;
				CODE_SIGN_STYLE = Automatic;
				CURRENT_PROJECT_VERSION = 1;
				DEVELOPMENT_TEAM = 5A5ZTV9VL6;
				ENABLE_PREVIEWS = YES;
				GENERATE_INFOPLIST_FILE = YES;
				INFOPLIST_KEY_UIApplicationSceneManifest_Generation = YES;
				INFOPLIST_KEY_UIApplicationSupportsIndirectInputEvents = YES;
				INFOPLIST_KEY_UILaunchScreen_Generation = YES;
				INFOPLIST_KEY_UISupportedInterfaceOrientations_iPad = "UIInterfaceOrientationPortrait UIInterfaceOrientationPortraitUpsideDown UIInterfaceOrientationLandscapeLeft UIInterfaceOrientationLandscapeRight";
				INFOPLIST_KEY_UISupportedInterfaceOrientations_iPhone = "UIInterfaceOrientationPortrait UIInterfaceOrientationLandscapeLeft UIInterfaceOrientationLandscapeRight";
				LD_RUNPATH_SEARCH_PATHS = (
					"$(inherited)",
					"@executable_path/Frameworks",
				);
				MARKETING_VERSION = 1.0;
				PRODUCT_BUNDLE_IDENTIFIER = "newpswerks.home.Dart-Games";
				PRODUCT_NAME = "$(TARGET_NAME)";
				SWIFT_EMIT_LOC_STRINGS = YES;
				SWIFT_VERSION = 5.0;
				TARGETED_DEVICE_FAMILY = "1,2";
			};
			name = Release;
		};
		9BE29DC72E538D72007E6DCE /* Debug */ = {
			isa = XCBuildConfiguration;
			buildSettings = {
				BUNDLE_LOADER = "$(TEST_HOST)";
				CODE_SIGN_STYLE = Automatic;
				CURRENT_PROJECT_VERSION = 1;
				DEVELOPMENT_TEAM = 5A5ZTV9VL6;
				GENERATE_INFOPLIST_FILE = YES;
				IPHONEOS_DEPLOYMENT_TARGET = 18.5;
				MARKETING_VERSION = 1.0;
				PRODUCT_BUNDLE_IDENTIFIER = "newpswerks.home.Dart-GamesTests";
				PRODUCT_NAME = "$(TARGET_NAME)";
				SWIFT_EMIT_LOC_STRINGS = NO;
				SWIFT_VERSION = 5.0;
				TARGETED_DEVICE_FAMILY = "1,2";
				TEST_HOST = "$(BUILT_PRODUCTS_DIR)/Dart Games.app/$(BUNDLE_EXECUTABLE_FOLDER_PATH)/Dart Games";
			};
			name = Debug;
		};
		9BE29DC82E538D72007E6DCE /* Release */ = {
			isa = XCBuildConfiguration;
			buildSettings = {
				BUNDLE_LOADER = "$(TEST_HOST)";
				CODE_SIGN_STYLE = Automatic;
				CURRENT_PROJECT_VERSION = 1;
				DEVELOPMENT_TEAM = 5A5ZTV9VL6;
				GENERATE_INFOPLIST_FILE = YES;
				IPHONEOS_DEPLOYMENT_TARGET = 18.5;
				MARKETING_VERSION = 1.0;
				PRODUCT_BUNDLE_IDENTIFIER = "newpswerks.home.Dart-GamesTests";
				PRODUCT_NAME = "$(TARGET_NAME)";
				SWIFT_EMIT_LOC_STRINGS = NO;
				SWIFT_VERSION = 5.0;
				TARGETED_DEVICE_FAMILY = "1,2";
				TEST_HOST = "$(BUILT_PRODUCTS_DIR)/Dart Games.app/$(BUNDLE_EXECUTABLE_FOLDER_PATH)/Dart Games";
			};
			name = Release;
		};
		9BE29DCA2E538D72007E6DCE /* Debug */ = {
			isa = XCBuildConfiguration;
			buildSettings = {
				CODE_SIGN_STYLE = Automatic;
				CURRENT_PROJECT_VERSION = 1;
				DEVELOPMENT_TEAM = 5A5ZTV9VL6;
				GENERATE_INFOPLIST_FILE = YES;
				MARKETING_VERSION = 1.0;
				PRODUCT_BUNDLE_IDENTIFIER = "newpswerks.home.Dart-GamesUITests";
				PRODUCT_NAME = "$(TARGET_NAME)";
				SWIFT_EMIT_LOC_STRINGS = NO;
				SWIFT_VERSION = 5.0;
				TARGETED_DEVICE_FAMILY = "1,2";
				TEST_TARGET_NAME = "Dart Games";
			};
			name = Debug;
		};
		9BE29DCB2E538D72007E6DCE /* Release */ = {
			isa = XCBuildConfiguration;
			buildSettings = {
				CODE_SIGN_STYLE = Automatic;
				CURRENT_PROJECT_VERSION = 1;
				DEVELOPMENT_TEAM = 5A5ZTV9VL6;
				GENERATE_INFOPLIST_FILE = YES;
				MARKETING_VERSION = 1.0;
				PRODUCT_BUNDLE_IDENTIFIER = "newpswerks.home.Dart-GamesUITests";
				PRODUCT_NAME = "$(TARGET_NAME)";
				SWIFT_EMIT_LOC_STRINGS = NO;
				SWIFT_VERSION = 5.0;
				TARGETED_DEVICE_FAMILY = "1,2";
				TEST_TARGET_NAME = "Dart Games";
			};
			name = Release;
		};
/* End XCBuildConfiguration section */

/* Begin XCConfigurationList section */
		9BE29D9B2E538D71007E6DCE /* Build configuration list for PBXProject "Dart Games" */ = {
			isa = XCConfigurationList;
			buildConfigurations = (
				9BE29DC12E538D72007E6DCE /* Debug */,
				9BE29DC22E538D72007E6DCE /* Release */,
			);
			defaultConfigurationIsVisible = 0;
			defaultConfigurationName = Release;
		};
		9BE29DC32E538D72007E6DCE /* Build configuration list for PBXNativeTarget "Dart Games" */ = {
			isa = XCConfigurationList;
			buildConfigurations = (
				9BE29DC42E538D72007E6DCE /* Debug */,
				9BE29DC52E538D72007E6DCE /* Release */,
			);
			defaultConfigurationIsVisible = 0;
			defaultConfigurationName = Release;
		};
		9BE29DC62E538D72007E6DCE /* Build configuration list for PBXNativeTarget "Dart GamesTests" */ = {
			isa = XCConfigurationList;
			buildConfigurations = (
				9BE29DC72E538D72007E6DCE /* Debug */,
				9BE29DC82E538D72007E6DCE /* Release */,
			);
			defaultConfigurationIsVisible = 0;
			defaultConfigurationName = Release;
		};
		9BE29DC92E538D72007E6DCE /* Build configuration list for PBXNativeTarget "Dart GamesUITests" */ = {
			isa = XCConfigurationList;
			buildConfigurations = (
				9BE29DCA2E538D72007E6DCE /* Debug */,
				9BE29DCB2E538D72007E6DCE /* Release */,
			);
			defaultConfigurationIsVisible = 0;
			defaultConfigurationName = Release;
		};
/* End XCConfigurationList section */
	};
	rootObject = 9BE29D982E538D71007E6DCE /* Project object */;
}
